// !$*UTF8*$!
{
	archiveVersion = 1;
	classes = {
	};
	objectVersion = 77;
	objects = {

/* Begin PBXBuildFile section */
		AE4DF75D2DF5ED9D002F6B38 /* WidgetKit.framework in Frameworks */ = {isa = PBXBuildFile; fileRef = AE4DF75C2DF5ED9D002F6B38 /* WidgetKit.framework */; };
		AE4DF75F2DF5ED9D002F6B38 /* SwiftUI.framework in Frameworks */ = {isa = PBXBuildFile; fileRef = AE4DF75E2DF5ED9D002F6B38 /* SwiftUI.framework */; };
		AE4DF7702DF5ED9E002F6B38 /* VenjaWidgetExtension.appex in Embed Foundation Extensions */ = {isa = PBXBuildFile; fileRef = AE4DF75A2DF5ED9D002F6B38 /* VenjaWidgetExtension.appex */; settings = {ATTRIBUTES = (RemoveHeadersOnCopy, ); }; };
/* End PBXBuildFile section */

/* Begin PBXContainerItemProxy section */
		AE4DF7352DF5E324002F6B38 /* PBXContainerItemProxy */ = {
			isa = PBXContainerItemProxy;
			containerPortal = AE4DF71B2DF5E323002F6B38 /* Project object */;
			proxyType = 1;
			remoteGlobalIDString = AE4DF7222DF5E323002F6B38;
			remoteInfo = Venja;
		};
		AE4DF73F2DF5E324002F6B38 /* PBXContainerItemProxy */ = {
			isa = PBXContainerItemProxy;
			containerPortal = AE4DF71B2DF5E323002F6B38 /* Project object */;
			proxyType = 1;
			remoteGlobalIDString = AE4DF7222DF5E323002F6B38;
			remoteInfo = Venja;
		};
		AE4DF76E2DF5ED9E002F6B38 /* PBXContainerItemProxy */ = {
			isa = PBXContainerItemProxy;
			containerPortal = AE4DF71B2DF5E323002F6B38 /* Project object */;
			proxyType = 1;
			remoteGlobalIDString = AE4DF7592DF5ED9D002F6B38;
			remoteInfo = VenjaWidgetExtension;
		};
/* End PBXContainerItemProxy section */

/* Begin PBXCopyFilesBuildPhase section */
		AE4DF7752DF5ED9E002F6B38 /* Embed Foundation Extensions */ = {
			isa = PBXCopyFilesBuildPhase;
			buildActionMask = 2147483647;
			dstPath = "";
			dstSubfolderSpec = 13;
			files = (
				AE4DF7702DF5ED9E002F6B38 /* VenjaWidgetExtension.appex in Embed Foundation Extensions */,
			);
			name = "Embed Foundation Extensions";
			runOnlyForDeploymentPostprocessing = 0;
		};
/* End PBXCopyFilesBuildPhase section */

/* Begin PBXFileReference section */
		AE4DF7232DF5E323002F6B38 /* Venja.app */ = {isa = PBXFileReference; explicitFileType = wrapper.application; includeInIndex = 0; path = Venja.app; sourceTree = BUILT_PRODUCTS_DIR; };
		AE4DF7342DF5E324002F6B38 /* VenjaTests.xctest */ = {isa = PBXFileReference; explicitFileType = wrapper.cfbundle; includeInIndex = 0; path = VenjaTests.xctest; sourceTree = BUILT_PRODUCTS_DIR; };
		AE4DF73E2DF5E324002F6B38 /* VenjaUITests.xctest */ = {isa = PBXFileReference; explicitFileType = wrapper.cfbundle; includeInIndex = 0; path = VenjaUITests.xctest; sourceTree = BUILT_PRODUCTS_DIR; };
		AE4DF75A2DF5ED9D002F6B38 /* VenjaWidgetExtension.appex */ = {isa = PBXFileReference; explicitFileType = "wrapper.app-extension"; includeInIndex = 0; path = VenjaWidgetExtension.appex; sourceTree = BUILT_PRODUCTS_DIR; };
		AE4DF75C2DF5ED9D002F6B38 /* WidgetKit.framework */ = {isa = PBXFileReference; lastKnownFileType = wrapper.framework; name = WidgetKit.framework; path = System/Library/Frameworks/WidgetKit.framework; sourceTree = SDKROOT; };
		AE4DF75E2DF5ED9D002F6B38 /* SwiftUI.framework */ = {isa = PBXFileReference; lastKnownFileType = wrapper.framework; name = SwiftUI.framework; path = System/Library/Frameworks/SwiftUI.framework; sourceTree = SDKROOT; };
/* End PBXFileReference section */

/* Begin PBXFileSystemSynchronizedBuildFileExceptionSet section */
		AE4DF7462DF5E324002F6B38 /* Exceptions for "Venja" folder in "Venja" target */ = {
			isa = PBXFileSystemSynchronizedBuildFileExceptionSet;
			membershipExceptions = (
				Info.plist,
			);
			target = AE4DF7222DF5E323002F6B38 /* Venja */;
		};
		AE4DF7742DF5ED9E002F6B38 /* Exceptions for "VenjaWidget" folder in "VenjaWidgetExtension" target */ = {
			isa = PBXFileSystemSynchronizedBuildFileExceptionSet;
			membershipExceptions = (
				Info.plist,
			);
			target = AE4DF7592DF5ED9D002F6B38 /* VenjaWidgetExtension */;
		};
/* End PBXFileSystemSynchronizedBuildFileExceptionSet section */

/* Begin PBXFileSystemSynchronizedRootGroup section */
		AE4DF7252DF5E323002F6B38 /* Venja */ = {
			isa = PBXFileSystemSynchronizedRootGroup;
			exceptions = (
				AE4DF7462DF5E324002F6B38 /* Exceptions for "Venja" folder in "Venja" target */,
			);
			path = Venja;
			sourceTree = "<group>";
		};
		AE4DF7372DF5E324002F6B38 /* VenjaTests */ = {
			isa = PBXFileSystemSynchronizedRootGroup;
			path = VenjaTests;
			sourceTree = "<group>";
		};
		AE4DF7412DF5E324002F6B38 /* VenjaUITests */ = {
			isa = PBXFileSystemSynchronizedRootGroup;
			path = VenjaUITests;
			sourceTree = "<group>";
		};
		AE4DF7602DF5ED9D002F6B38 /* VenjaWidget */ = {
			isa = PBXFileSystemSynchronizedRootGroup;
			exceptions = (
				AE4DF7742DF5ED9E002F6B38 /* Exceptions for "VenjaWidget" folder in "VenjaWidgetExtension" target */,
			);
			path = VenjaWidget;
			sourceTree = "<group>";
		};
/* End PBXFileSystemSynchronizedRootGroup section */

/* Begin PBXFrameworksBuildPhase section */
		AE4DF7202DF5E323002F6B38 /* Frameworks */ = {
			isa = PBXFrameworksBuildPhase;
			buildActionMask = 2147483647;
			files = (
			);
			runOnlyForDeploymentPostprocessing = 0;
		};
		AE4DF7312DF5E324002F6B38 /* Frameworks */ = {
			isa = PBXFrameworksBuildPhase;
			buildActionMask = 2147483647;
			files = (
			);
			runOnlyForDeploymentPostprocessing = 0;
		};
		AE4DF73B2DF5E324002F6B38 /* Frameworks */ = {
			isa = PBXFrameworksBuildPhase;
			buildActionMask = 2147483647;
			files = (
			);
			runOnlyForDeploymentPostprocessing = 0;
		};
		AE4DF7572DF5ED9D002F6B38 /* Frameworks */ = {
			isa = PBXFrameworksBuildPhase;
			buildActionMask = 2147483647;
			files = (
				AE4DF75F2DF5ED9D002F6B38 /* SwiftUI.framework in Frameworks */,
				AE4DF75D2DF5ED9D002F6B38 /* WidgetKit.framework in Frameworks */,
			);
			runOnlyForDeploymentPostprocessing = 0;
		};
/* End PBXFrameworksBuildPhase section */

/* Begin PBXGroup section */
		AE4DF71A2DF5E323002F6B38 = {
			isa = PBXGroup;
			children = (
				AE4DF7252DF5E323002F6B38 /* Venja */,
				AE4DF7372DF5E324002F6B38 /* VenjaTests */,
				AE4DF7412DF5E324002F6B38 /* VenjaUITests */,
				AE4DF7602DF5ED9D002F6B38 /* VenjaWidget */,
				AE4DF75B2DF5ED9D002F6B38 /* Frameworks */,
				AE4DF7242DF5E323002F6B38 /* Products */,
			);
			sourceTree = "<group>";
		};
		AE4DF7242DF5E323002F6B38 /* Products */ = {
			isa = PBXGroup;
			children = (
				AE4DF7232DF5E323002F6B38 /* Venja.app */,
				AE4DF7342DF5E324002F6B38 /* VenjaTests.xctest */,
				AE4DF73E2DF5E324002F6B38 /* VenjaUITests.xctest */,
				AE4DF75A2DF5ED9D002F6B38 /* VenjaWidgetExtension.appex */,
			);
			name = Products;
			sourceTree = "<group>";
		};
		AE4DF75B2DF5ED9D002F6B38 /* Frameworks */ = {
			isa = PBXGroup;
			children = (
				AE4DF75C2DF5ED9D002F6B38 /* WidgetKit.framework */,
				AE4DF75E2DF5ED9D002F6B38 /* SwiftUI.framework */,
			);
			name = Frameworks;
			sourceTree = "<group>";
		};
/* End PBXGroup section */

/* Begin PBXNativeTarget section */
		AE4DF7222DF5E323002F6B38 /* Venja */ = {
			isa = PBXNativeTarget;
			buildConfigurationList = AE4DF7472DF5E324002F6B38 /* Build configuration list for PBXNativeTarget "Venja" */;
			buildPhases = (
				AE4DF71F2DF5E323002F6B38 /* Sources */,
				AE4DF7202DF5E323002F6B38 /* Frameworks */,
				AE4DF7212DF5E323002F6B38 /* Resources */,
				AE4DF7752DF5ED9E002F6B38 /* Embed Foundation Extensions */,
			);
			buildRules = (
			);
			dependencies = (
				AE4DF76F2DF5ED9E002F6B38 /* PBXTargetDependency */,
			);
			fileSystemSynchronizedGroups = (
				AE4DF7252DF5E323002F6B38 /* Venja */,
			);
			name = Venja;
			packageProductDependencies = (
			);
			productName = Venja;
			productReference = AE4DF7232DF5E323002F6B38 /* Venja.app */;
			productType = "com.apple.product-type.application";
		};
		AE4DF7332DF5E324002F6B38 /* VenjaTests */ = {
			isa = PBXNativeTarget;
			buildConfigurationList = AE4DF74C2DF5E324002F6B38 /* Build configuration list for PBXNativeTarget "VenjaTests" */;
			buildPhases = (
				AE4DF7302DF5E324002F6B38 /* Sources */,
				AE4DF7312DF5E324002F6B38 /* Frameworks */,
				AE4DF7322DF5E324002F6B38 /* Resources */,
			);
			buildRules = (
			);
			dependencies = (
				AE4DF7362DF5E324002F6B38 /* PBXTargetDependency */,
			);
			fileSystemSynchronizedGroups = (
				AE4DF7372DF5E324002F6B38 /* VenjaTests */,
			);
			name = VenjaTests;
			packageProductDependencies = (
			);
			productName = VenjaTests;
			productReference = AE4DF7342DF5E324002F6B38 /* VenjaTests.xctest */;
			productType = "com.apple.product-type.bundle.unit-test";
		};
		AE4DF73D2DF5E324002F6B38 /* VenjaUITests */ = {
			isa = PBXNativeTarget;
			buildConfigurationList = AE4DF74F2DF5E324002F6B38 /* Build configuration list for PBXNativeTarget "VenjaUITests" */;
			buildPhases = (
				AE4DF73A2DF5E324002F6B38 /* Sources */,
				AE4DF73B2DF5E324002F6B38 /* Frameworks */,
				AE4DF73C2DF5E324002F6B38 /* Resources */,
			);
			buildRules = (
			);
			dependencies = (
				AE4DF7402DF5E324002F6B38 /* PBXTargetDependency */,
			);
			fileSystemSynchronizedGroups = (
				AE4DF7412DF5E324002F6B38 /* VenjaUITests */,
			);
			name = VenjaUITests;
			packageProductDependencies = (
			);
			productName = VenjaUITests;
			productReference = AE4DF73E2DF5E324002F6B38 /* VenjaUITests.xctest */;
			productType = "com.apple.product-type.bundle.ui-testing";
		};
		AE4DF7592DF5ED9D002F6B38 /* VenjaWidgetExtension */ = {
			isa = PBXNativeTarget;
			buildConfigurationList = AE4DF7712DF5ED9E002F6B38 /* Build configuration list for PBXNativeTarget "VenjaWidgetExtension" */;
			buildPhases = (
				AE4DF7562DF5ED9D002F6B38 /* Sources */,
				AE4DF7572DF5ED9D002F6B38 /* Frameworks */,
				AE4DF7582DF5ED9D002F6B38 /* Resources */,
			);
			buildRules = (
			);
			dependencies = (
			);
			fileSystemSynchronizedGroups = (
				AE4DF7602DF5ED9D002F6B38 /* VenjaWidget */,
			);
			name = VenjaWidgetExtension;
			packageProductDependencies = (
			);
			productName = VenjaWidgetExtension;
			productReference = AE4DF75A2DF5ED9D002F6B38 /* VenjaWidgetExtension.appex */;
			productType = "com.apple.product-type.app-extension";
		};
/* End PBXNativeTarget section */

/* Begin PBXProject section */
		AE4DF71B2DF5E323002F6B38 /* Project object */ = {
			isa = PBXProject;
			attributes = {
				BuildIndependentTargetsInParallel = 1;
				LastSwiftUpdateCheck = 1640;
				LastUpgradeCheck = 1640;
				TargetAttributes = {
					AE4DF7222DF5E323002F6B38 = {
						CreatedOnToolsVersion = 16.4;
					};
					AE4DF7332DF5E324002F6B38 = {
						CreatedOnToolsVersion = 16.4;
						TestTargetID = AE4DF7222DF5E323002F6B38;
					};
					AE4DF73D2DF5E324002F6B38 = {
						CreatedOnToolsVersion = 16.4;
						TestTargetID = AE4DF7222DF5E323002F6B38;
					};
					AE4DF7592DF5ED9D002F6B38 = {
						CreatedOnToolsVersion = 16.4;
					};
				};
			};
			buildConfigurationList = AE4DF71E2DF5E323002F6B38 /* Build configuration list for PBXProject "Venja" */;
			developmentRegion = en;
			hasScannedForEncodings = 0;
			knownRegions = (
				en,
				Base,
			);
			mainGroup = AE4DF71A2DF5E323002F6B38;
			minimizedProjectReferenceProxies = 1;
			preferredProjectObjectVersion = 77;
			productRefGroup = AE4DF7242DF5E323002F6B38 /* Products */;
			projectDirPath = "";
			projectRoot = "";
			targets = (
				AE4DF7222DF5E323002F6B38 /* Venja */,
				AE4DF7332DF5E324002F6B38 /* VenjaTests */,
				AE4DF73D2DF5E324002F6B38 /* VenjaUITests */,
				AE4DF7592DF5ED9D002F6B38 /* VenjaWidgetExtension */,
			);
		};
/* End PBXProject section */

/* Begin PBXResourcesBuildPhase section */
		AE4DF7212DF5E323002F6B38 /* Resources */ = {
			isa = PBXResourcesBuildPhase;
			buildActionMask = 2147483647;
			files = (
			);
			runOnlyForDeploymentPostprocessing = 0;
		};
		AE4DF7322DF5E324002F6B38 /* Resources */ = {
			isa = PBXResourcesBuildPhase;
			buildActionMask = 2147483647;
			files = (
			);
			runOnlyForDeploymentPostprocessing = 0;
		};
		AE4DF73C2DF5E324002F6B38 /* Resources */ = {
			isa = PBXResourcesBuildPhase;
			buildActionMask = 2147483647;
			files = (
			);
			runOnlyForDeploymentPostprocessing = 0;
		};
		AE4DF7582DF5ED9D002F6B38 /* Resources */ = {
			isa = PBXResourcesBuildPhase;
			buildActionMask = 2147483647;
			files = (
			);
			runOnlyForDeploymentPostprocessing = 0;
		};
/* End PBXResourcesBuildPhase section */

/* Begin PBXSourcesBuildPhase section */
		AE4DF71F2DF5E323002F6B38 /* Sources */ = {
			isa = PBXSourcesBuildPhase;
			buildActionMask = 2147483647;
			files = (
			);
			runOnlyForDeploymentPostprocessing = 0;
		};
		AE4DF7302DF5E324002F6B38 /* Sources */ = {
			isa = PBXSourcesBuildPhase;
			buildActionMask = 2147483647;
			files = (
			);
			runOnlyForDeploymentPostprocessing = 0;
		};
		AE4DF73A2DF5E324002F6B38 /* Sources */ = {
			isa = PBXSourcesBuildPhase;
			buildActionMask = 2147483647;
			files = (
			);
			runOnlyForDeploymentPostprocessing = 0;
		};
		AE4DF7562DF5ED9D002F6B38 /* Sources */ = {
			isa = PBXSourcesBuildPhase;
			buildActionMask = 2147483647;
			files = (
			);
			runOnlyForDeploymentPostprocessing = 0;
		};
/* End PBXSourcesBuildPhase section */

/* Begin PBXTargetDependency section */
		AE4DF7362DF5E324002F6B38 /* PBXTargetDependency */ = {
			isa = PBXTargetDependency;
			target = AE4DF7222DF5E323002F6B38 /* Venja */;
			targetProxy = AE4DF7352DF5E324002F6B38 /* PBXContainerItemProxy */;
		};
		AE4DF7402DF5E324002F6B38 /* PBXTargetDependency */ = {
			isa = PBXTargetDependency;
			target = AE4DF7222DF5E323002F6B38 /* Venja */;
			targetProxy = AE4DF73F2DF5E324002F6B38 /* PBXContainerItemProxy */;
		};
		AE4DF76F2DF5ED9E002F6B38 /* PBXTargetDependency */ = {
			isa = PBXTargetDependency;
			target = AE4DF7592DF5ED9D002F6B38 /* VenjaWidgetExtension */;
			targetProxy = AE4DF76E2DF5ED9E002F6B38 /* PBXContainerItemProxy */;
		};
/* End PBXTargetDependency section */

/* Begin XCBuildConfiguration section */
		AE4DF7482DF5E324002F6B38 /* Debug */ = {
			isa = XCBuildConfiguration;
			buildSettings = {
				ASSETCATALOG_COMPILER_APPICON_NAME = AppIcon;
				ASSETCATALOG_COMPILER_GLOBAL_ACCENT_COLOR_NAME = AccentColor;
				CODE_SIGN_ENTITLEMENTS = Venja/Venja.entitlements;
				CODE_SIGN_STYLE = Automatic;
				CURRENT_PROJECT_VERSION = 1;
				DEVELOPMENT_TEAM = B6FVY827P9;
				ENABLE_HARDENED_RUNTIME = YES;
				ENABLE_PREVIEWS = YES;
				GENERATE_INFOPLIST_FILE = YES;
				INFOPLIST_FILE = Venja/Info.plist;
				"INFOPLIST_KEY_UIApplicationSceneManifest_Generation[sdk=iphoneos*]" = YES;
				"INFOPLIST_KEY_UIApplicationSceneManifest_Generation[sdk=iphonesimulator*]" = YES;
				"INFOPLIST_KEY_UIApplicationSupportsIndirectInputEvents[sdk=iphoneos*]" = YES;
				"INFOPLIST_KEY_UIApplicationSupportsIndirectInputEvents[sdk=iphonesimulator*]" = YES;
				"INFOPLIST_KEY_UILaunchScreen_Generation[sdk=iphoneos*]" = YES;
				"INFOPLIST_KEY_UILaunchScreen_Generation[sdk=iphonesimulator*]" = YES;
				"INFOPLIST_KEY_UIStatusBarStyle[sdk=iphoneos*]" = UIStatusBarStyleDefault;
				"INFOPLIST_KEY_UIStatusBarStyle[sdk=iphonesimulator*]" = UIStatusBarStyleDefault;
				INFOPLIST_KEY_UISupportedInterfaceOrientations_iPad = "UIInterfaceOrientationPortrait UIInterfaceOrientationPortraitUpsideDown UIInterfaceOrientationLandscapeLeft UIInterfaceOrientationLandscapeRight";
				INFOPLIST_KEY_UISupportedInterfaceOrientations_iPhone = "UIInterfaceOrientationPortrait UIInterfaceOrientationLandscapeLeft UIInterfaceOrientationLandscapeRight";
				IPHONEOS_DEPLOYMENT_TARGET = 18.5;
				LD_RUNPATH_SEARCH_PATHS = "@executable_path/Frameworks";
				"LD_RUNPATH_SEARCH_PATHS[sdk=macosx*]" = "@executable_path/../Frameworks";
				MACOSX_DEPLOYMENT_TARGET = 14.0;
				MARKETING_VERSION = 1.0;
				PRODUCT_BUNDLE_IDENTIFIER = net.kodare.Venja;
				PRODUCT_NAME = "$(TARGET_NAME)";
				REGISTER_APP_GROUPS = YES;
				SDKROOT = auto;
				SUPPORTED_PLATFORMS = "iphoneos iphonesimulator macosx xros xrsimulator";
				SWIFT_EMIT_LOC_STRINGS = YES;
				SWIFT_VERSION = 5.0;
				TARGETED_DEVICE_FAMILY = "1,2,7";
				XROS_DEPLOYMENT_TARGET = 2.5;
			};
			name = Debug;
		};
		AE4DF7492DF5E324002F6B38 /* Release */ = {
			isa = XCBuildConfiguration;
			buildSettings = {
				ASSETCATALOG_COMPILER_APPICON_NAME = AppIcon;
				ASSETCATALOG_COMPILER_GLOBAL_ACCENT_COLOR_NAME = AccentColor;
				CODE_SIGN_ENTITLEMENTS = Venja/Venja.entitlements;
				CODE_SIGN_STYLE = Automatic;
				CURRENT_PROJECT_VERSION = 1;
				DEVELOPMENT_TEAM = B6FVY827P9;
				ENABLE_HARDENED_RUNTIME = YES;
				ENABLE_PREVIEWS = YES;
				GENERATE_INFOPLIST_FILE = YES;
				INFOPLIST_FILE = Venja/Info.plist;
				"INFOPLIST_KEY_UIApplicationSceneManifest_Generation[sdk=iphoneos*]" = YES;
				"INFOPLIST_KEY_UIApplicationSceneManifest_Generation[sdk=iphonesimulator*]" = YES;
				"INFOPLIST_KEY_UIApplicationSupportsIndirectInputEvents[sdk=iphoneos*]" = YES;
				"INFOPLIST_KEY_UIApplicationSupportsIndirectInputEvents[sdk=iphonesimulator*]" = YES;
				"INFOPLIST_KEY_UILaunchScreen_Generation[sdk=iphoneos*]" = YES;
				"INFOPLIST_KEY_UILaunchScreen_Generation[sdk=iphonesimulator*]" = YES;
				"INFOPLIST_KEY_UIStatusBarStyle[sdk=iphoneos*]" = UIStatusBarStyleDefault;
				"INFOPLIST_KEY_UIStatusBarStyle[sdk=iphonesimulator*]" = UIStatusBarStyleDefault;
				INFOPLIST_KEY_UISupportedInterfaceOrientations_iPad = "UIInterfaceOrientationPortrait UIInterfaceOrientationPortraitUpsideDown UIInterfaceOrientationLandscapeLeft UIInterfaceOrientationLandscapeRight";
				INFOPLIST_KEY_UISupportedInterfaceOrientations_iPhone = "UIInterfaceOrientationPortrait UIInterfaceOrientationLandscapeLeft UIInterfaceOrientationLandscapeRight";
				IPHONEOS_DEPLOYMENT_TARGET = 18.5;
				LD_RUNPATH_SEARCH_PATHS = "@executable_path/Frameworks";
				"LD_RUNPATH_SEARCH_PATHS[sdk=macosx*]" = "@executable_path/../Frameworks";
				MACOSX_DEPLOYMENT_TARGET = 14.0;
				MARKETING_VERSION = 1.0;
				PRODUCT_BUNDLE_IDENTIFIER = net.kodare.Venja;
				PRODUCT_NAME = "$(TARGET_NAME)";
				REGISTER_APP_GROUPS = YES;
				SDKROOT = auto;
				SUPPORTED_PLATFORMS = "iphoneos iphonesimulator macosx xros xrsimulator";
				SWIFT_EMIT_LOC_STRINGS = YES;
				SWIFT_VERSION = 5.0;
				TARGETED_DEVICE_FAMILY = "1,2,7";
				XROS_DEPLOYMENT_TARGET = 2.5;
			};
			name = Release;
		};
		AE4DF74A2DF5E324002F6B38 /* Debug */ = {
			isa = XCBuildConfiguration;
			buildSettings = {
				ALWAYS_SEARCH_USER_PATHS = NO;
				ASSETCATALOG_COMPILER_GENERATE_SWIFT_ASSET_SYMBOL_EXTENSIONS = YES;
				CLANG_ANALYZER_NONNULL = YES;
				CLANG_ANALYZER_NUMBER_OBJECT_CONVERSION = YES_AGGRESSIVE;
				CLANG_CXX_LANGUAGE_STANDARD = "gnu++20";
				CLANG_ENABLE_MODULES = YES;
				CLANG_ENABLE_OBJC_ARC = YES;
				CLANG_ENABLE_OBJC_WEAK = YES;
				CLANG_WARN_BLOCK_CAPTURE_AUTORELEASING = YES;
				CLANG_WARN_BOOL_CONVERSION = YES;
				CLANG_WARN_COMMA = YES;
				CLANG_WARN_CONSTANT_CONVERSION = YES;
				CLANG_WARN_DEPRECATED_OBJC_IMPLEMENTATIONS = YES;
				CLANG_WARN_DIRECT_OBJC_ISA_USAGE = YES_ERROR;
				CLANG_WARN_DOCUMENTATION_COMMENTS = YES;
				CLANG_WARN_EMPTY_BODY = YES;
				CLANG_WARN_ENUM_CONVERSION = YES;
				CLANG_WARN_INFINITE_RECURSION = YES;
				CLANG_WARN_INT_CONVERSION = YES;
				CLANG_WARN_NON_LITERAL_NULL_CONVERSION = YES;
				CLANG_WARN_OBJC_IMPLICIT_RETAIN_SELF = YES;
				CLANG_WARN_OBJC_LITERAL_CONVERSION = YES;
				CLANG_WARN_OBJC_ROOT_CLASS = YES_ERROR;
				CLANG_WARN_QUOTED_INCLUDE_IN_FRAMEWORK_HEADER = YES;
				CLANG_WARN_RANGE_LOOP_ANALYSIS = YES;
				CLANG_WARN_STRICT_PROTOTYPES = YES;
				CLANG_WARN_SUSPICIOUS_MOVE = YES;
				CLANG_WARN_UNGUARDED_AVAILABILITY = YES_AGGRESSIVE;
				CLANG_WARN_UNREACHABLE_CODE = YES;
				CLANG_WARN__DUPLICATE_METHOD_MATCH = YES;
				COPY_PHASE_STRIP = NO;
				DEBUG_INFORMATION_FORMAT = dwarf;
				DEVELOPMENT_TEAM = B6FVY827P9;
				ENABLE_STRICT_OBJC_MSGSEND = YES;
				ENABLE_TESTABILITY = YES;
				ENABLE_USER_SCRIPT_SANDBOXING = YES;
				GCC_C_LANGUAGE_STANDARD = gnu17;
				GCC_DYNAMIC_NO_PIC = NO;
				GCC_NO_COMMON_BLOCKS = YES;
				GCC_OPTIMIZATION_LEVEL = 0;
				GCC_PREPROCESSOR_DEFINITIONS = (
					"DEBUG=1",
					"$(inherited)",
				);
				GCC_WARN_64_TO_32_BIT_CONVERSION = YES;
				GCC_WARN_ABOUT_RETURN_TYPE = YES_ERROR;
				GCC_WARN_UNDECLARED_SELECTOR = YES;
				GCC_WARN_UNINITIALIZED_AUTOS = YES_AGGRESSIVE;
				GCC_WARN_UNUSED_FUNCTION = YES;
				GCC_WARN_UNUSED_VARIABLE = YES;
				LOCALIZATION_PREFERS_STRING_CATALOGS = YES;
				MTL_ENABLE_DEBUG_INFO = INCLUDE_SOURCE;
				MTL_FAST_MATH = YES;
				ONLY_ACTIVE_ARCH = YES;
				SWIFT_ACTIVE_COMPILATION_CONDITIONS = "DEBUG $(inherited)";
				SWIFT_OPTIMIZATION_LEVEL = "-Onone";
			};
			name = Debug;
		};
		AE4DF74B2DF5E324002F6B38 /* Release */ = {
			isa = XCBuildConfiguration;
			buildSettings = {
				ALWAYS_SEARCH_USER_PATHS = NO;
				ASSETCATALOG_COMPILER_GENERATE_SWIFT_ASSET_SYMBOL_EXTENSIONS = YES;
				CLANG_ANALYZER_NONNULL = YES;
				CLANG_ANALYZER_NUMBER_OBJECT_CONVERSION = YES_AGGRESSIVE;
				CLANG_CXX_LANGUAGE_STANDARD = "gnu++20";
				CLANG_ENABLE_MODULES = YES;
				CLANG_ENABLE_OBJC_ARC = YES;
				CLANG_ENABLE_OBJC_WEAK = YES;
				CLANG_WARN_BLOCK_CAPTURE_AUTORELEASING = YES;
				CLANG_WARN_BOOL_CONVERSION = YES;
				CLANG_WARN_COMMA = YES;
				CLANG_WARN_CONSTANT_CONVERSION = YES;
				CLANG_WARN_DEPRECATED_OBJC_IMPLEMENTATIONS = YES;
				CLANG_WARN_DIRECT_OBJC_ISA_USAGE = YES_ERROR;
				CLANG_WARN_DOCUMENTATION_COMMENTS = YES;
				CLANG_WARN_EMPTY_BODY = YES;
				CLANG_WARN_ENUM_CONVERSION = YES;
				CLANG_WARN_INFINITE_RECURSION = YES;
				CLANG_WARN_INT_CONVERSION = YES;
				CLANG_WARN_NON_LITERAL_NULL_CONVERSION = YES;
				CLANG_WARN_OBJC_IMPLICIT_RETAIN_SELF = YES;
				CLANG_WARN_OBJC_LITERAL_CONVERSION = YES;
				CLANG_WARN_OBJC_ROOT_CLASS = YES_ERROR;
				CLANG_WARN_QUOTED_INCLUDE_IN_FRAMEWORK_HEADER = YES;
				CLANG_WARN_RANGE_LOOP_ANALYSIS = YES;
				CLANG_WARN_STRICT_PROTOTYPES = YES;
				CLANG_WARN_SUSPICIOUS_MOVE = YES;
				CLANG_WARN_UNGUARDED_AVAILABILITY = YES_AGGRESSIVE;
				CLANG_WARN_UNREACHABLE_CODE = YES;
				CLANG_WARN__DUPLICATE_METHOD_MATCH = YES;
				COPY_PHASE_STRIP = NO;
				DEBUG_INFORMATION_FORMAT = "dwarf-with-dsym";
				DEVELOPMENT_TEAM = B6FVY827P9;
				ENABLE_NS_ASSERTIONS = NO;
				ENABLE_STRICT_OBJC_MSGSEND = YES;
				ENABLE_USER_SCRIPT_SANDBOXING = YES;
				GCC_C_LANGUAGE_STANDARD = gnu17;
				GCC_NO_COMMON_BLOCKS = YES;
				GCC_WARN_64_TO_32_BIT_CONVERSION = YES;
				GCC_WARN_ABOUT_RETURN_TYPE = YES_ERROR;
				GCC_WARN_UNDECLARED_SELECTOR = YES;
				GCC_WARN_UNINITIALIZED_AUTOS = YES_AGGRESSIVE;
				GCC_WARN_UNUSED_FUNCTION = YES;
				GCC_WARN_UNUSED_VARIABLE = YES;
				LOCALIZATION_PREFERS_STRING_CATALOGS = YES;
				MTL_ENABLE_DEBUG_INFO = NO;
				MTL_FAST_MATH = YES;
				SWIFT_COMPILATION_MODE = wholemodule;
			};
			name = Release;
		};
		AE4DF74D2DF5E324002F6B38 /* Debug */ = {
			isa = XCBuildConfiguration;
			buildSettings = {
				BUNDLE_LOADER = "$(TEST_HOST)";
				CODE_SIGN_STYLE = Automatic;
				CURRENT_PROJECT_VERSION = 1;
				DEVELOPMENT_TEAM = B6FVY827P9;
				GENERATE_INFOPLIST_FILE = YES;
				IPHONEOS_DEPLOYMENT_TARGET = 18.5;
				MACOSX_DEPLOYMENT_TARGET = 15.3;
				MARKETING_VERSION = 1.0;
				PRODUCT_BUNDLE_IDENTIFIER = net.kodare.VenjaTests;
				PRODUCT_NAME = "$(TARGET_NAME)";
				SDKROOT = auto;
				SUPPORTED_PLATFORMS = "iphoneos iphonesimulator macosx xros xrsimulator";
				SWIFT_EMIT_LOC_STRINGS = NO;
				SWIFT_VERSION = 5.0;
				TARGETED_DEVICE_FAMILY = "1,2,7";
				TEST_HOST = "$(BUILT_PRODUCTS_DIR)/Venja.app/$(BUNDLE_EXECUTABLE_FOLDER_PATH)/Venja";
				XROS_DEPLOYMENT_TARGET = 2.5;
			};
			name = Debug;
		};
		AE4DF74E2DF5E324002F6B38 /* Release */ = {
			isa = XCBuildConfiguration;
			buildSettings = {
				BUNDLE_LOADER = "$(TEST_HOST)";
				CODE_SIGN_STYLE = Automatic;
				CURRENT_PROJECT_VERSION = 1;
				DEVELOPMENT_TEAM = B6FVY827P9;
				GENERATE_INFOPLIST_FILE = YES;
				IPHONEOS_DEPLOYMENT_TARGET = 18.5;
				MACOSX_DEPLOYMENT_TARGET = 15.3;
				MARKETING_VERSION = 1.0;
				PRODUCT_BUNDLE_IDENTIFIER = net.kodare.VenjaTests;
				PRODUCT_NAME = "$(TARGET_NAME)";
				SDKROOT = auto;
				SUPPORTED_PLATFORMS = "iphoneos iphonesimulator macosx xros xrsimulator";
				SWIFT_EMIT_LOC_STRINGS = NO;
				SWIFT_VERSION = 5.0;
				TARGETED_DEVICE_FAMILY = "1,2,7";
				TEST_HOST = "$(BUILT_PRODUCTS_DIR)/Venja.app/$(BUNDLE_EXECUTABLE_FOLDER_PATH)/Venja";
				XROS_DEPLOYMENT_TARGET = 2.5;
			};
			name = Release;
		};
		AE4DF7502DF5E324002F6B38 /* Debug */ = {
			isa = XCBuildConfiguration;
			buildSettings = {
				CODE_SIGN_STYLE = Automatic;
				CURRENT_PROJECT_VERSION = 1;
				DEVELOPMENT_TEAM = B6FVY827P9;
				GENERATE_INFOPLIST_FILE = YES;
				IPHONEOS_DEPLOYMENT_TARGET = 18.5;
				MACOSX_DEPLOYMENT_TARGET = 15.3;
				MARKETING_VERSION = 1.0;
				PRODUCT_BUNDLE_IDENTIFIER = net.kodare.VenjaUITests;
				PRODUCT_NAME = "$(TARGET_NAME)";
				SDKROOT = auto;
				SUPPORTED_PLATFORMS = "iphoneos iphonesimulator macosx xros xrsimulator";
				SWIFT_EMIT_LOC_STRINGS = NO;
				SWIFT_VERSION = 5.0;
				TARGETED_DEVICE_FAMILY = "1,2,7";
				TEST_TARGET_NAME = Venja;
				XROS_DEPLOYMENT_TARGET = 2.5;
			};
			name = Debug;
		};
		AE4DF7512DF5E324002F6B38 /* Release */ = {
			isa = XCBuildConfiguration;
			buildSettings = {
				CODE_SIGN_STYLE = Automatic;
				CURRENT_PROJECT_VERSION = 1;
				DEVELOPMENT_TEAM = B6FVY827P9;
				GENERATE_INFOPLIST_FILE = YES;
				IPHONEOS_DEPLOYMENT_TARGET = 18.5;
				MACOSX_DEPLOYMENT_TARGET = 15.3;
				MARKETING_VERSION = 1.0;
				PRODUCT_BUNDLE_IDENTIFIER = net.kodare.VenjaUITests;
				PRODUCT_NAME = "$(TARGET_NAME)";
				SDKROOT = auto;
				SUPPORTED_PLATFORMS = "iphoneos iphonesimulator macosx xros xrsimulator";
				SWIFT_EMIT_LOC_STRINGS = NO;
				SWIFT_VERSION = 5.0;
				TARGETED_DEVICE_FAMILY = "1,2,7";
				TEST_TARGET_NAME = Venja;
				XROS_DEPLOYMENT_TARGET = 2.5;
			};
			name = Release;
		};
		AE4DF7722DF5ED9E002F6B38 /* Debug */ = {
			isa = XCBuildConfiguration;
			buildSettings = {
				ASSETCATALOG_COMPILER_GLOBAL_ACCENT_COLOR_NAME = AccentColor;
				ASSETCATALOG_COMPILER_WIDGET_BACKGROUND_COLOR_NAME = WidgetBackground;
				CODE_SIGN_STYLE = Automatic;
				CURRENT_PROJECT_VERSION = 1;
				DEVELOPMENT_TEAM = B6FVY827P9;
				GENERATE_INFOPLIST_FILE = YES;
				INFOPLIST_FILE = VenjaWidget/Info.plist;
				INFOPLIST_KEY_CFBundleDisplayName = VenjaWidget;
				INFOPLIST_KEY_NSHumanReadableCopyright = "";
				IPHONEOS_DEPLOYMENT_TARGET = 18.5;
				LD_RUNPATH_SEARCH_PATHS = (
					"$(inherited)",
					"@executable_path/Frameworks",
					"@executable_path/../../Frameworks",
				);
				MARKETING_VERSION = 1.0;
				PRODUCT_BUNDLE_IDENTIFIER = net.kodare.Venja.VenjaWidget;
				PRODUCT_NAME = "$(TARGET_NAME)";
				SDKROOT = iphoneos;
				SKIP_INSTALL = YES;
				SUPPORTED_PLATFORMS = "iphoneos iphonesimulator";
				SUPPORTS_MACCATALYST = NO;
				SUPPORTS_MAC_DESIGNED_FOR_IPHONE_IPAD = NO;
				SWIFT_EMIT_LOC_STRINGS = YES;
				SWIFT_VERSION = 5.0;
				TARGETED_DEVICE_FAMILY = "1,2";
			};
			name = Debug;
		};
		AE4DF7732DF5ED9E002F6B38 /* Release */ = {
			isa = XCBuildConfiguration;
			buildSettings = {
				ASSETCATALOG_COMPILER_GLOBAL_ACCENT_COLOR_NAME = AccentColor;
				ASSETCATALOG_COMPILER_WIDGET_BACKGROUND_COLOR_NAME = WidgetBackground;
				CODE_SIGN_STYLE = Automatic;
				CURRENT_PROJECT_VERSION = 1;
				DEVELOPMENT_TEAM = B6FVY827P9;
				GENERATE_INFOPLIST_FILE = YES;
				INFOPLIST_FILE = VenjaWidget/Info.plist;
				INFOPLIST_KEY_CFBundleDisplayName = VenjaWidget;
				INFOPLIST_KEY_NSHumanReadableCopyright = "";
				IPHONEOS_DEPLOYMENT_TARGET = 18.5;
				LD_RUNPATH_SEARCH_PATHS = (
					"$(inherited)",
					"@executable_path/Frameworks",
					"@executable_path/../../Frameworks",
				);
				MARKETING_VERSION = 1.0;
				PRODUCT_BUNDLE_IDENTIFIER = net.kodare.Venja.VenjaWidget;
				PRODUCT_NAME = "$(TARGET_NAME)";
				SDKROOT = iphoneos;
				SKIP_INSTALL = YES;
				SUPPORTED_PLATFORMS = "iphoneos iphonesimulator";
				SUPPORTS_MACCATALYST = NO;
				SUPPORTS_MAC_DESIGNED_FOR_IPHONE_IPAD = NO;
				SWIFT_EMIT_LOC_STRINGS = YES;
				SWIFT_VERSION = 5.0;
				TARGETED_DEVICE_FAMILY = "1,2";
				VALIDATE_PRODUCT = YES;
			};
			name = Release;
		};
/* End XCBuildConfiguration section */

/* Begin XCConfigurationList section */
		AE4DF71E2DF5E323002F6B38 /* Build configuration list for PBXProject "Venja" */ = {
			isa = XCConfigurationList;
			buildConfigurations = (
				AE4DF74A2DF5E324002F6B38 /* Debug */,
				AE4DF74B2DF5E324002F6B38 /* Release */,
			);
			defaultConfigurationIsVisible = 0;
			defaultConfigurationName = Release;
		};
		AE4DF7472DF5E324002F6B38 /* Build configuration list for PBXNativeTarget "Venja" */ = {
			isa = XCConfigurationList;
			buildConfigurations = (
				AE4DF7482DF5E324002F6B38 /* Debug */,
				AE4DF7492DF5E324002F6B38 /* Release */,
			);
			defaultConfigurationIsVisible = 0;
			defaultConfigurationName = Release;
		};
		AE4DF74C2DF5E324002F6B38 /* Build configuration list for PBXNativeTarget "VenjaTests" */ = {
			isa = XCConfigurationList;
			buildConfigurations = (
				AE4DF74D2DF5E324002F6B38 /* Debug */,
				AE4DF74E2DF5E324002F6B38 /* Release */,
			);
			defaultConfigurationIsVisible = 0;
			defaultConfigurationName = Release;
		};
		AE4DF74F2DF5E324002F6B38 /* Build configuration list for PBXNativeTarget "VenjaUITests" */ = {
			isa = XCConfigurationList;
			buildConfigurations = (
				AE4DF7502DF5E324002F6B38 /* Debug */,
				AE4DF7512DF5E324002F6B38 /* Release */,
			);
			defaultConfigurationIsVisible = 0;
			defaultConfigurationName = Release;
		};
		AE4DF7712DF5ED9E002F6B38 /* Build configuration list for PBXNativeTarget "VenjaWidgetExtension" */ = {
			isa = XCConfigurationList;
			buildConfigurations = (
				AE4DF7722DF5ED9E002F6B38 /* Debug */,
				AE4DF7732DF5ED9E002F6B38 /* Release */,
			);
			defaultConfigurationIsVisible = 0;
			defaultConfigurationName = Release;
		};
/* End XCConfigurationList section */
	};
	rootObject = AE4DF71B2DF5E323002F6B38 /* Project object */;
}
